// !$*UTF8*$!
{
	archiveVersion = 1;
	classes = {
	};
	objectVersion = 46;
	objects = {

/* Begin PBXBuildFile section */
		19B7189E1B519F04003197B1 /* main.m in Sources */ = {isa = PBXBuildFile; fileRef = 19B7189D1B519F04003197B1 /* main.m */; };
		19B718A11B519F04003197B1 /* AppDelegate.m in Sources */ = {isa = PBXBuildFile; fileRef = 19B718A01B519F04003197B1 /* AppDelegate.m */; };
		19B718A41B519F04003197B1 /* Veronica.xcdatamodeld in Sources */ = {isa = PBXBuildFile; fileRef = 19B718A21B519F04003197B1 /* Veronica.xcdatamodeld */; };
		19B718A71B519F04003197B1 /* ViewController.m in Sources */ = {isa = PBXBuildFile; fileRef = 19B718A61B519F04003197B1 /* ViewController.m */; };
		19B718AA1B519F04003197B1 /* Main.storyboard in Resources */ = {isa = PBXBuildFile; fileRef = 19B718A81B519F04003197B1 /* Main.storyboard */; };
		19B718AC1B519F04003197B1 /* Images.xcassets in Resources */ = {isa = PBXBuildFile; fileRef = 19B718AB1B519F04003197B1 /* Images.xcassets */; };
		19B718AF1B519F04003197B1 /* LaunchScreen.xib in Resources */ = {isa = PBXBuildFile; fileRef = 19B718AD1B519F04003197B1 /* LaunchScreen.xib */; };
		19B718BB1B519F04003197B1 /* VeronicaTests.m in Sources */ = {isa = PBXBuildFile; fileRef = 19B718BA1B519F04003197B1 /* VeronicaTests.m */; };
/* End PBXBuildFile section */

/* Begin PBXContainerItemProxy section */
		19B718B51B519F04003197B1 /* PBXContainerItemProxy */ = {
			isa = PBXContainerItemProxy;
			containerPortal = 19B718901B519F04003197B1 /* Project object */;
			proxyType = 1;
			remoteGlobalIDString = 19B718971B519F04003197B1;
			remoteInfo = Veronica;
		};
/* End PBXContainerItemProxy section */

/* Begin PBXFileReference section */
		19B718981B519F04003197B1 /* Veronica.app */ = {isa = PBXFileReference; explicitFileType = wrapper.application; includeInIndex = 0; path = Veronica.app; sourceTree = BUILT_PRODUCTS_DIR; };
		19B7189C1B519F04003197B1 /* Info.plist */ = {isa = PBXFileReference; lastKnownFileType = text.plist.xml; path = Info.plist; sourceTree = "<group>"; };
		19B7189D1B519F04003197B1 /* main.m */ = {isa = PBXFileReference; lastKnownFileType = sourcecode.c.objc; path = main.m; sourceTree = "<group>"; };
		19B7189F1B519F04003197B1 /* AppDelegate.h */ = {isa = PBXFileReference; lastKnownFileType = sourcecode.c.h; path = AppDelegate.h; sourceTree = "<group>"; };
		19B718A01B519F04003197B1 /* AppDelegate.m */ = {isa = PBXFileReference; lastKnownFileType = sourcecode.c.objc; path = AppDelegate.m; sourceTree = "<group>"; };
		19B718A31B519F04003197B1 /* Veronica.xcdatamodel */ = {isa = PBXFileReference; lastKnownFileType = wrapper.xcdatamodel; path = Veronica.xcdatamodel; sourceTree = "<group>"; };
		19B718A51B519F04003197B1 /* ViewController.h */ = {isa = PBXFileReference; lastKnownFileType = sourcecode.c.h; path = ViewController.h; sourceTree = "<group>"; };
		19B718A61B519F04003197B1 /* ViewController.m */ = {isa = PBXFileReference; lastKnownFileType = sourcecode.c.objc; path = ViewController.m; sourceTree = "<group>"; };
		19B718A91B519F04003197B1 /* Base */ = {isa = PBXFileReference; lastKnownFileType = file.storyboard; name = Base; path = Base.lproj/Main.storyboard; sourceTree = "<group>"; };
		19B718AB1B519F04003197B1 /* Images.xcassets */ = {isa = PBXFileReference; lastKnownFileType = folder.assetcatalog; path = Images.xcassets; sourceTree = "<group>"; };
		19B718AE1B519F04003197B1 /* Base */ = {isa = PBXFileReference; lastKnownFileType = file.xib; name = Base; path = Base.lproj/LaunchScreen.xib; sourceTree = "<group>"; };
		19B718B41B519F04003197B1 /* VeronicaTests.xctest */ = {isa = PBXFileReference; explicitFileType = wrapper.cfbundle; includeInIndex = 0; path = VeronicaTests.xctest; sourceTree = BUILT_PRODUCTS_DIR; };
		19B718B91B519F04003197B1 /* Info.plist */ = {isa = PBXFileReference; lastKnownFileType = text.plist.xml; path = Info.plist; sourceTree = "<group>"; };
		19B718BA1B519F04003197B1 /* VeronicaTests.m */ = {isa = PBXFileReference; lastKnownFileType = sourcecode.c.objc; path = VeronicaTests.m; sourceTree = "<group>"; };
/* End PBXFileReference section */

/* Begin PBXFrameworksBuildPhase section */
		19B718951B519F04003197B1 /* Frameworks */ = {
			isa = PBXFrameworksBuildPhase;
			buildActionMask = 2147483647;
			files = (
			);
			runOnlyForDeploymentPostprocessing = 0;
		};
		19B718B11B519F04003197B1 /* Frameworks */ = {
			isa = PBXFrameworksBuildPhase;
			buildActionMask = 2147483647;
			files = (
			);
			runOnlyForDeploymentPostprocessing = 0;
		};
/* End PBXFrameworksBuildPhase section */

/* Begin PBXGroup section */
		19B7188F1B519F04003197B1 = {
			isa = PBXGroup;
			children = (
				19B7189A1B519F04003197B1 /* Veronica */,
				19B718B71B519F04003197B1 /* VeronicaTests */,
				19B718991B519F04003197B1 /* Products */,
			);
			sourceTree = "<group>";
		};
		19B718991B519F04003197B1 /* Products */ = {
			isa = PBXGroup;
			children = (
				19B718981B519F04003197B1 /* Veronica.app */,
				19B718B41B519F04003197B1 /* VeronicaTests.xctest */,
			);
			name = Products;
			sourceTree = "<group>";
		};
		19B7189A1B519F04003197B1 /* Veronica */ = {
			isa = PBXGroup;
			children = (
				19B7189F1B519F04003197B1 /* AppDelegate.h */,
				19B718A01B519F04003197B1 /* AppDelegate.m */,
				19B718A51B519F04003197B1 /* ViewController.h */,
				19B718A61B519F04003197B1 /* ViewController.m */,
				19B718A81B519F04003197B1 /* Main.storyboard */,
				19B718AB1B519F04003197B1 /* Images.xcassets */,
				19B718AD1B519F04003197B1 /* LaunchScreen.xib */,
				19B718A21B519F04003197B1 /* Veronica.xcdatamodeld */,
				19B7189B1B519F04003197B1 /* Supporting Files */,
			);
			path = Veronica;
			sourceTree = "<group>";
		};
		19B7189B1B519F04003197B1 /* Supporting Files */ = {
			isa = PBXGroup;
			children = (
				19B7189C1B519F04003197B1 /* Info.plist */,
				19B7189D1B519F04003197B1 /* main.m */,
			);
			name = "Supporting Files";
			sourceTree = "<group>";
		};
		19B718B71B519F04003197B1 /* VeronicaTests */ = {
			isa = PBXGroup;
			children = (
				19B718BA1B519F04003197B1 /* VeronicaTests.m */,
				19B718B81B519F04003197B1 /* Supporting Files */,
			);
			path = VeronicaTests;
			sourceTree = "<group>";
		};
		19B718B81B519F04003197B1 /* Supporting Files */ = {
			isa = PBXGroup;
			children = (
				19B718B91B519F04003197B1 /* Info.plist */,
			);
			name = "Supporting Files";
			sourceTree = "<group>";
		};
/* End PBXGroup section */

/* Begin PBXNativeTarget section */
		19B718971B519F04003197B1 /* Veronica */ = {
			isa = PBXNativeTarget;
			buildConfigurationList = 19B718BE1B519F04003197B1 /* Build configuration list for PBXNativeTarget "Veronica" */;
			buildPhases = (
				19B718941B519F04003197B1 /* Sources */,
				19B718951B519F04003197B1 /* Frameworks */,
				19B718961B519F04003197B1 /* Resources */,
			);
			buildRules = (
			);
			dependencies = (
			);
			name = Veronica;
			productName = Veronica;
			productReference = 19B718981B519F04003197B1 /* Veronica.app */;
			productType = "com.apple.product-type.application";
		};
		19B718B31B519F04003197B1 /* VeronicaTests */ = {
			isa = PBXNativeTarget;
			buildConfigurationList = 19B718C11B519F04003197B1 /* Build configuration list for PBXNativeTarget "VeronicaTests" */;
			buildPhases = (
				19B718B01B519F04003197B1 /* Sources */,
				19B718B11B519F04003197B1 /* Frameworks */,
				19B718B21B519F04003197B1 /* Resources */,
			);
			buildRules = (
			);
			dependencies = (
				19B718B61B519F04003197B1 /* PBXTargetDependency */,
			);
			name = VeronicaTests;
			productName = VeronicaTests;
			productReference = 19B718B41B519F04003197B1 /* VeronicaTests.xctest */;
			productType = "com.apple.product-type.bundle.unit-test";
		};
/* End PBXNativeTarget section */

/* Begin PBXProject section */
		19B718901B519F04003197B1 /* Project object */ = {
			isa = PBXProject;
			attributes = {
				LastUpgradeCheck = 0610;
				ORGANIZATIONNAME = "Willie Flaherty";
				TargetAttributes = {
					19B718971B519F04003197B1 = {
						CreatedOnToolsVersion = 6.1.1;
					};
					19B718B31B519F04003197B1 = {
						CreatedOnToolsVersion = 6.1.1;
						TestTargetID = 19B718971B519F04003197B1;
					};
				};
			};
			buildConfigurationList = 19B718931B519F04003197B1 /* Build configuration list for PBXProject "Veronica" */;
			compatibilityVersion = "Xcode 3.2";
			developmentRegion = English;
			hasScannedForEncodings = 0;
			knownRegions = (
				en,
				Base,
			);
			mainGroup = 19B7188F1B519F04003197B1;
			productRefGroup = 19B718991B519F04003197B1 /* Products */;
			projectDirPath = "";
			projectRoot = "";
			targets = (
				19B718971B519F04003197B1 /* Veronica */,
				19B718B31B519F04003197B1 /* VeronicaTests */,
			);
		};
/* End PBXProject section */

/* Begin PBXResourcesBuildPhase section */
		19B718961B519F04003197B1 /* Resources */ = {
			isa = PBXResourcesBuildPhase;
			buildActionMask = 2147483647;
			files = (
				19B718AA1B519F04003197B1 /* Main.storyboard in Resources */,
				19B718AF1B519F04003197B1 /* LaunchScreen.xib in Resources */,
				19B718AC1B519F04003197B1 /* Images.xcassets in Resources */,
			);
			runOnlyForDeploymentPostprocessing = 0;
		};
		19B718B21B519F04003197B1 /* Resources */ = {
			isa = PBXResourcesBuildPhase;
			buildActionMask = 2147483647;
			files = (
			);
			runOnlyForDeploymentPostprocessing = 0;
		};
/* End PBXResourcesBuildPhase section */

/* Begin PBXSourcesBuildPhase section */
		19B718941B519F04003197B1 /* Sources */ = {
			isa = PBXSourcesBuildPhase;
			buildActionMask = 2147483647;
			files = (
				19B718A11B519F04003197B1 /* AppDelegate.m in Sources */,
				19B718A41B519F04003197B1 /* Veronica.xcdatamodeld in Sources */,
				19B718A71B519F04003197B1 /* ViewController.m in Sources */,
				19B7189E1B519F04003197B1 /* main.m in Sources */,
			);
			runOnlyForDeploymentPostprocessing = 0;
		};
		19B718B01B519F04003197B1 /* Sources */ = {
			isa = PBXSourcesBuildPhase;
			buildActionMask = 2147483647;
			files = (
				19B718BB1B519F04003197B1 /* VeronicaTests.m in Sources */,
			);
			runOnlyForDeploymentPostprocessing = 0;
		};
/* End PBXSourcesBuildPhase section */

/* Begin PBXTargetDependency section */
		19B718B61B519F04003197B1 /* PBXTargetDependency */ = {
			isa = PBXTargetDependency;
			target = 19B718971B519F04003197B1 /* Veronica */;
			targetProxy = 19B718B51B519F04003197B1 /* PBXContainerItemProxy */;
		};
/* End PBXTargetDependency section */

/* Begin PBXVariantGroup section */
		19B718A81B519F04003197B1 /* Main.storyboard */ = {
			isa = PBXVariantGroup;
			children = (
				19B718A91B519F04003197B1 /* Base */,
			);
			name = Main.storyboard;
			sourceTree = "<group>";
		};
		19B718AD1B519F04003197B1 /* LaunchScreen.xib */ = {
			isa = PBXVariantGroup;
			children = (
				19B718AE1B519F04003197B1 /* Base */,
			);
			name = LaunchScreen.xib;
			sourceTree = "<group>";
		};
/* End PBXVariantGroup section */

/* Begin XCBuildConfiguration section */
		19B718BC1B519F04003197B1 /* Debug */ = {
			isa = XCBuildConfiguration;
			buildSettings = {
				ALWAYS_SEARCH_USER_PATHS = NO;
				CLANG_CXX_LANGUAGE_STANDARD = "gnu++0x";
				CLANG_CXX_LIBRARY = "libc++";
				CLANG_ENABLE_MODULES = YES;
				CLANG_ENABLE_OBJC_ARC = YES;
				CLANG_WARN_BOOL_CONVERSION = YES;
				CLANG_WARN_CONSTANT_CONVERSION = YES;
				CLANG_WARN_DIRECT_OBJC_ISA_USAGE = YES_ERROR;
				CLANG_WARN_EMPTY_BODY = YES;
				CLANG_WARN_ENUM_CONVERSION = YES;
				CLANG_WARN_INT_CONVERSION = YES;
				CLANG_WARN_OBJC_ROOT_CLASS = YES_ERROR;
				CLANG_WARN_UNREACHABLE_CODE = YES;
				CLANG_WARN__DUPLICATE_METHOD_MATCH = YES;
				"CODE_SIGN_IDENTITY[sdk=iphoneos*]" = "iPhone Developer";
				COPY_PHASE_STRIP = NO;
				ENABLE_STRICT_OBJC_MSGSEND = YES;
				GCC_C_LANGUAGE_STANDARD = gnu99;
				GCC_DYNAMIC_NO_PIC = NO;
				GCC_OPTIMIZATION_LEVEL = 0;
				GCC_PREPROCESSOR_DEFINITIONS = (
					"DEBUG=1",
					"$(inherited)",
				);
				GCC_SYMBOLS_PRIVATE_EXTERN = NO;
				GCC_WARN_64_TO_32_BIT_CONVERSION = YES;
				GCC_WARN_ABOUT_RETURN_TYPE = YES_ERROR;
				GCC_WARN_UNDECLARED_SELECTOR = YES;
				GCC_WARN_UNINITIALIZED_AUTOS = YES_AGGRESSIVE;
				GCC_WARN_UNUSED_FUNCTION = YES;
				GCC_WARN_UNUSED_VARIABLE = YES;
				IPHONEOS_DEPLOYMENT_TARGET = 8.1;
				MTL_ENABLE_DEBUG_INFO = YES;
				ONLY_ACTIVE_ARCH = YES;
				SDKROOT = iphoneos;
			};
			name = Debug;
		};
		19B718BD1B519F04003197B1 /* Release */ = {
			isa = XCBuildConfiguration;
			buildSettings = {
				ALWAYS_SEARCH_USER_PATHS = NO;
				CLANG_CXX_LANGUAGE_STANDARD = "gnu++0x";
				CLANG_CXX_LIBRARY = "libc++";
				CLANG_ENABLE_MODULES = YES;
				CLANG_ENABLE_OBJC_ARC = YES;
				CLANG_WARN_BOOL_CONVERSION = YES;
				CLANG_WARN_CONSTANT_CONVERSION = YES;
				CLANG_WARN_DIRECT_OBJC_ISA_USAGE = YES_ERROR;
				CLANG_WARN_EMPTY_BODY = YES;
				CLANG_WARN_ENUM_CONVERSION = YES;
				CLANG_WARN_INT_CONVERSION = YES;
				CLANG_WARN_OBJC_ROOT_CLASS = YES_ERROR;
				CLANG_WARN_UNREACHABLE_CODE = YES;
				CLANG_WARN__DUPLICATE_METHOD_MATCH = YES;
				"CODE_SIGN_IDENTITY[sdk=iphoneos*]" = "iPhone Developer";
				COPY_PHASE_STRIP = YES;
				ENABLE_NS_ASSERTIONS = NO;
				ENABLE_STRICT_OBJC_MSGSEND = YES;
				GCC_C_LANGUAGE_STANDARD = gnu99;
				GCC_WARN_64_TO_32_BIT_CONVERSION = YES;
				GCC_WARN_ABOUT_RETURN_TYPE = YES_ERROR;
				GCC_WARN_UNDECLARED_SELECTOR = YES;
				GCC_WARN_UNINITIALIZED_AUTOS = YES_AGGRESSIVE;
				GCC_WARN_UNUSED_FUNCTION = YES;
				GCC_WARN_UNUSED_VARIABLE = YES;
				IPHONEOS_DEPLOYMENT_TARGET = 8.1;
				MTL_ENABLE_DEBUG_INFO = NO;
				SDKROOT = iphoneos;
				VALIDATE_PRODUCT = YES;
			};
			name = Release;
		};
		19B718BF1B519F04003197B1 /* Debug */ = {
			isa = XCBuildConfiguration;
			buildSettings = {
				ASSETCATALOG_COMPILER_APPICON_NAME = AppIcon;
				INFOPLIST_FILE = Veronica/Info.plist;
				LD_RUNPATH_SEARCH_PATHS = "$(inherited) @executable_path/Frameworks";
				PRODUCT_NAME = "$(TARGET_NAME)";
			};
			name = Debug;
		};
		19B718C01B519F04003197B1 /* Release */ = {
			isa = XCBuildConfiguration;
			buildSettings = {
				ASSETCATALOG_COMPILER_APPICON_NAME = AppIcon;
				INFOPLIST_FILE = Veronica/Info.plist;
				LD_RUNPATH_SEARCH_PATHS = "$(inherited) @executable_path/Frameworks";
				PRODUCT_NAME = "$(TARGET_NAME)";
			};
			name = Release;
		};
		19B718C21B519F04003197B1 /* Debug */ = {
			isa = XCBuildConfiguration;
			buildSettings = {
				BUNDLE_LOADER = "$(TEST_HOST)";
				FRAMEWORK_SEARCH_PATHS = (
					"$(SDKROOT)/Developer/Library/Frameworks",
					"$(inherited)",
				);
				GCC_PREPROCESSOR_DEFINITIONS = (
					"DEBUG=1",
					"$(inherited)",
				);
				INFOPLIST_FILE = VeronicaTests/Info.plist;
				LD_RUNPATH_SEARCH_PATHS = "$(inherited) @executable_path/Frameworks @loader_path/Frameworks";
				PRODUCT_NAME = "$(TARGET_NAME)";
				TEST_HOST = "$(BUILT_PRODUCTS_DIR)/Veronica.app/Veronica";
			};
			name = Debug;
		};
		19B718C31B519F04003197B1 /* Release */ = {
			isa = XCBuildConfiguration;
			buildSettings = {
				BUNDLE_LOADER = "$(TEST_HOST)";
				FRAMEWORK_SEARCH_PATHS = (
					"$(SDKROOT)/Developer/Library/Frameworks",
					"$(inherited)",
				);
				INFOPLIST_FILE = VeronicaTests/Info.plist;
				LD_RUNPATH_SEARCH_PATHS = "$(inherited) @executable_path/Frameworks @loader_path/Frameworks";
				PRODUCT_NAME = "$(TARGET_NAME)";
				TEST_HOST = "$(BUILT_PRODUCTS_DIR)/Veronica.app/Veronica";
			};
			name = Release;
		};
/* End XCBuildConfiguration section */

/* Begin XCConfigurationList section */
		19B718931B519F04003197B1 /* Build configuration list for PBXProject "Veronica" */ = {
			isa = XCConfigurationList;
			buildConfigurations = (
				19B718BC1B519F04003197B1 /* Debug */,
				19B718BD1B519F04003197B1 /* Release */,
			);
			defaultConfigurationIsVisible = 0;
			defaultConfigurationName = Release;
		};
		19B718BE1B519F04003197B1 /* Build configuration list for PBXNativeTarget "Veronica" */ = {
			isa = XCConfigurationList;
			buildConfigurations = (
				19B718BF1B519F04003197B1 /* Debug */,
				19B718C01B519F04003197B1 /* Release */,
			);
			defaultConfigurationIsVisible = 0;
		};
		19B718C11B519F04003197B1 /* Build configuration list for PBXNativeTarget "VeronicaTests" */ = {
			isa = XCConfigurationList;
			buildConfigurations = (
				19B718C21B519F04003197B1 /* Debug */,
				19B718C31B519F04003197B1 /* Release */,
			);
			defaultConfigurationIsVisible = 0;
		};
/* End XCConfigurationList section */

/* Begin XCVersionGroup section */
		19B718A21B519F04003197B1 /* Veronica.xcdatamodeld */ = {
			isa = XCVersionGroup;
			children = (
				19B718A31B519F04003197B1 /* Veronica.xcdatamodel */,
			);
			currentVersion = 19B718A31B519F04003197B1 /* Veronica.xcdatamodel */;
			path = Veronica.xcdatamodeld;
			sourceTree = "<group>";
			versionGroupType = wrapper.xcdatamodel;
		};
/* End XCVersionGroup section */
	};
	rootObject = 19B718901B519F04003197B1 /* Project object */;
}
